
Microsoft Visual Studio Solution File, Format Version 12.00
Project("{FAE04EC0-301F-11D3-BF4B-00C04F79EFBC}") = "Portfolio.Web", "Portfolio.Web\Portfolio.Web.csproj", "{22BBC9EF-319D-412E-99E6-66E64679B335}"
EndProject
Project("{FAE04EC0-301F-11D3-BF4B-00C04F79EFBC}") = "Portfolio.API", "Portfolio.API\Portfolio.API.csproj", "{3A18EF3D-BF24-45F1-A405-CF22223A5457}"
EndProject
Project("{FAE04EC0-301F-11D3-BF4B-00C04F79EFBC}") = "Portfolio.Models", "Portfolio.Models\Portfolio.Models.csproj", "{EC1B026D-48B9-477B-9AC2-700EB6EBA458}"
EndProject
Project("{FAE04EC0-301F-11D3-BF4B-00C04F79EFBC}") = "Portfolio.Services", "Portfolio.Services\Portfolio.Services.csproj", "{98A951D8-E9E8-4009-8AA5-936AEFC0B529}"
EndProject
Project("{FAE04EC0-301F-11D3-BF4B-00C04F79EFBC}") = "Portfolio.Services.Test", "Portfolio.Services.Test\Portfolio.Services.Test.csproj", "{8BB2F8D1-F8DB-4281-8EA3-6A34A7F60D2F}"
EndProject
Project("{2150E333-8FDC-42A3-9474-1A3956D46DE8}") = "Presentation", "Presentation", "{77BB3F0C-D165-4EAE-A8DE-DC333A1292CD}"
EndProject
Project("{2150E333-8FDC-42A3-9474-1A3956D46DE8}") = "Core", "Core", "{AEC48991-8B03-4BD6-9DC8-76DFA6B5F239}"
EndProject
Global
	GlobalSection(SolutionConfigurationPlatforms) = preSolution
		Debug|Any CPU = Debug|Any CPU
		Release|Any CPU = Release|Any CPU
	EndGlobalSection
	GlobalSection(ProjectConfigurationPlatforms) = postSolution
		{22BBC9EF-319D-412E-99E6-66E64679B335}.Debug|Any CPU.ActiveCfg = Debug|Any CPU
		{22BBC9EF-319D-412E-99E6-66E64679B335}.Debug|Any CPU.Build.0 = Debug|Any CPU
		{22BBC9EF-319D-412E-99E6-66E64679B335}.Release|Any CPU.ActiveCfg = Release|Any CPU
		{22BBC9EF-319D-412E-99E6-66E64679B335}.Release|Any CPU.Build.0 = Release|Any CPU
		{3A18EF3D-BF24-45F1-A405-CF22223A5457}.Debug|Any CPU.ActiveCfg = Debug|Any CPU
		{3A18EF3D-BF24-45F1-A405-CF22223A5457}.Debug|Any CPU.Build.0 = Debug|Any CPU
		{3A18EF3D-BF24-45F1-A405-CF22223A5457}.Release|Any CPU.ActiveCfg = Release|Any CPU
		{3A18EF3D-BF24-45F1-A405-CF22223A5457}.Release|Any CPU.Build.0 = Release|Any CPU
		{EC1B026D-48B9-477B-9AC2-700EB6EBA458}.Debug|Any CPU.ActiveCfg = Debug|Any CPU
		{EC1B026D-48B9-477B-9AC2-700EB6EBA458}.Debug|Any CPU.Build.0 = Debug|Any CPU
		{EC1B026D-48B9-477B-9AC2-700EB6EBA458}.Release|Any CPU.ActiveCfg = Release|Any CPU
		{EC1B026D-48B9-477B-9AC2-700EB6EBA458}.Release|Any CPU.Build.0 = Release|Any CPU
		{98A951D8-E9E8-4009-8AA5-936AEFC0B529}.Debug|Any CPU.ActiveCfg = Debug|Any CPU
		{98A951D8-E9E8-4009-8AA5-936AEFC0B529}.Debug|Any CPU.Build.0 = Debug|Any CPU
		{98A951D8-E9E8-4009-8AA5-936AEFC0B529}.Release|Any CPU.ActiveCfg = Release|Any CPU
		{98A951D8-E9E8-4009-8AA5-936AEFC0B529}.Release|Any CPU.Build.0 = Release|Any CPU
		{8BB2F8D1-F8DB-4281-8EA3-6A34A7F60D2F}.Debug|Any CPU.ActiveCfg = Debug|Any CPU
		{8BB2F8D1-F8DB-4281-8EA3-6A34A7F60D2F}.Debug|Any CPU.Build.0 = Debug|Any CPU
		{8BB2F8D1-F8DB-4281-8EA3-6A34A7F60D2F}.Release|Any CPU.ActiveCfg = Release|Any CPU
		{8BB2F8D1-F8DB-4281-8EA3-6A34A7F60D2F}.Release|Any CPU.Build.0 = Release|Any CPU
	EndGlobalSection
	GlobalSection(NestedProjects) = preSolution
		{3A18EF3D-BF24-45F1-A405-CF22223A5457} = {77BB3F0C-D165-4EAE-A8DE-DC333A1292CD}
		{22BBC9EF-319D-412E-99E6-66E64679B335} = {77BB3F0C-D165-4EAE-A8DE-DC333A1292CD}
		{EC1B026D-48B9-477B-9AC2-700EB6EBA458} = {AEC48991-8B03-4BD6-9DC8-76DFA6B5F239}
		{98A951D8-E9E8-4009-8AA5-936AEFC0B529} = {AEC48991-8B03-4BD6-9DC8-76DFA6B5F239}
		{8BB2F8D1-F8DB-4281-8EA3-6A34A7F60D2F} = {AEC48991-8B03-4BD6-9DC8-76DFA6B5F239}
	EndGlobalSection
EndGlobal
